
Microsoft Visual Studio Solution File, Format Version 12.00
# Visual Studio 15
VisualStudioVersion = 15.0.27130.2010
MinimumVisualStudioVersion = 10.0.40219.1
Project("{9A19103F-16F7-4668-BE54-9A1E7A4F7556}") = "DTA2018", "DTA2018.csproj", "{C5338D37-24C8-4C1B-BD96-BB254E4FD4DE}"
EndProject
Global
	GlobalSection(SolutionConfigurationPlatforms) = preSolution
		Debug|Any CPU = Debug|Any CPU
		Release|Any CPU = Release|Any CPU
	EndGlobalSection
	GlobalSection(ProjectConfigurationPlatforms) = postSolution
		{C5338D37-24C8-4C1B-BD96-BB254E4FD4DE}.Debug|Any CPU.ActiveCfg = Debug|Any CPU
		{C5338D37-24C8-4C1B-BD96-BB254E4FD4DE}.Debug|Any CPU.Build.0 = Debug|Any CPU
		{C5338D37-24C8-4C1B-BD96-BB254E4FD4DE}.Release|Any CPU.ActiveCfg = Release|Any CPU
		{C5338D37-24C8-4C1B-BD96-BB254E4FD4DE}.Release|Any CPU.Build.0 = Release|Any CPU
	EndGlobalSection
	GlobalSection(SolutionProperties) = preSolution
		HideSolutionNode = FALSE
	EndGlobalSection
	GlobalSection(ExtensibilityGlobals) = postSolution
		SolutionGuid = {DD2DA028-D265-44EE-8B48-F78F69E17CD3}
	EndGlobalSection
EndGlobal
